
Microsoft Visual Studio Solution File, Format Version 12.00
# Visual Studio Version 17
VisualStudioVersion = 17.8.34330.188
MinimumVisualStudioVersion = 10.0.40219.1
Project("{FAE04EC0-301F-11D3-BF4B-00C04F79EFBC}") = "StudentMineNumberGenerator", "StudentMineNumberGenerator\StudentMineNumberGenerator.csproj", "{2AC1347E-B74F-47E9-B8A3-AF7214670E87}"
EndProject
Project("{FAE04EC0-301F-11D3-BF4B-00C04F79EFBC}") = "Shared", "Shared\Shared.csproj", "{1B0DDA8D-1099-4973-B76A-CF81F87618A6}"
EndProject
Project("{FAE04EC0-301F-11D3-BF4B-00C04F79EFBC}") = "StudentMineNumberGeneratorDomain", "StudentMineNumberGeneratorDomain\StudentMineNumberGeneratorDomain.csproj", "{F1805AA8-E2F0-443A-892E-1C7FDAE1F883}"
EndProject
Global
	GlobalSection(SolutionConfigurationPlatforms) = preSolution
		Debug|Any CPU = Debug|Any CPU
		Release|Any CPU = Release|Any CPU
	EndGlobalSection
	GlobalSection(ProjectConfigurationPlatforms) = postSolution
		{2AC1347E-B74F-47E9-B8A3-AF7214670E87}.Debug|Any CPU.ActiveCfg = Debug|Any CPU
		{2AC1347E-B74F-47E9-B8A3-AF7214670E87}.Debug|Any CPU.Build.0 = Debug|Any CPU
		{2AC1347E-B74F-47E9-B8A3-AF7214670E87}.Release|Any CPU.ActiveCfg = Release|Any CPU
		{2AC1347E-B74F-47E9-B8A3-AF7214670E87}.Release|Any CPU.Build.0 = Release|Any CPU
		{1B0DDA8D-1099-4973-B76A-CF81F87618A6}.Debug|Any CPU.ActiveCfg = Debug|Any CPU
		{1B0DDA8D-1099-4973-B76A-CF81F87618A6}.Debug|Any CPU.Build.0 = Debug|Any CPU
		{1B0DDA8D-1099-4973-B76A-CF81F87618A6}.Release|Any CPU.ActiveCfg = Release|Any CPU
		{1B0DDA8D-1099-4973-B76A-CF81F87618A6}.Release|Any CPU.Build.0 = Release|Any CPU
		{F1805AA8-E2F0-443A-892E-1C7FDAE1F883}.Debug|Any CPU.ActiveCfg = Debug|Any CPU
		{F1805AA8-E2F0-443A-892E-1C7FDAE1F883}.Debug|Any CPU.Build.0 = Debug|Any CPU
		{F1805AA8-E2F0-443A-892E-1C7FDAE1F883}.Release|Any CPU.ActiveCfg = Release|Any CPU
		{F1805AA8-E2F0-443A-892E-1C7FDAE1F883}.Release|Any CPU.Build.0 = Release|Any CPU
	EndGlobalSection
	GlobalSection(SolutionProperties) = preSolution
		HideSolutionNode = FALSE
	EndGlobalSection
	GlobalSection(ExtensibilityGlobals) = postSolution
		SolutionGuid = {0CFB6FCF-A7B6-4A9B-B981-172851486EB5}
	EndGlobalSection
EndGlobal
